
Microsoft Visual Studio Solution File, Format Version 12.00
# Visual Studio Version 16
VisualStudioVersion = 16.0.30503.244
MinimumVisualStudioVersion = 10.0.40219.1
Project("{FAE04EC0-301F-11D3-BF4B-00C04F79EFBC}") = "Pumox.Test.Web", "Pumox.Test.Web\Pumox.Test.Web.csproj", "{5EFA50E9-64E1-42EA-8A3A-64A1F4F4DD99}"
EndProject
Global
	GlobalSection(SolutionConfigurationPlatforms) = preSolution
		Debug|Any CPU = Debug|Any CPU
		Release|Any CPU = Release|Any CPU
	EndGlobalSection
	GlobalSection(ProjectConfigurationPlatforms) = postSolution
		{5EFA50E9-64E1-42EA-8A3A-64A1F4F4DD99}.Debug|Any CPU.ActiveCfg = Debug|Any CPU
		{5EFA50E9-64E1-42EA-8A3A-64A1F4F4DD99}.Debug|Any CPU.Build.0 = Debug|Any CPU
		{5EFA50E9-64E1-42EA-8A3A-64A1F4F4DD99}.Release|Any CPU.ActiveCfg = Release|Any CPU
		{5EFA50E9-64E1-42EA-8A3A-64A1F4F4DD99}.Release|Any CPU.Build.0 = Release|Any CPU
	EndGlobalSection
	GlobalSection(SolutionProperties) = preSolution
		HideSolutionNode = FALSE
	EndGlobalSection
	GlobalSection(ExtensibilityGlobals) = postSolution
		SolutionGuid = {8F68E632-5B74-4C9A-827E-7882D5AC2ECF}
	EndGlobalSection
EndGlobal
